
Microsoft Visual Studio Solution File, Format Version 12.00
# Visual Studio Version 16
VisualStudioVersion = 16.0.29519.87
MinimumVisualStudioVersion = 10.0.40219.1
Project("{FAE04EC0-301F-11D3-BF4B-00C04F79EFBC}") = "RestWithAspNet", "RestWithAspNet.csproj", "{4889A916-72CC-412A-8E89-F55FCB2E3DD8}"
EndProject
Global
	GlobalSection(SolutionConfigurationPlatforms) = preSolution
		Debug|Any CPU = Debug|Any CPU
		Release|Any CPU = Release|Any CPU
	EndGlobalSection
	GlobalSection(ProjectConfigurationPlatforms) = postSolution
		{4889A916-72CC-412A-8E89-F55FCB2E3DD8}.Debug|Any CPU.ActiveCfg = Debug|Any CPU
		{4889A916-72CC-412A-8E89-F55FCB2E3DD8}.Debug|Any CPU.Build.0 = Debug|Any CPU
		{4889A916-72CC-412A-8E89-F55FCB2E3DD8}.Release|Any CPU.ActiveCfg = Release|Any CPU
		{4889A916-72CC-412A-8E89-F55FCB2E3DD8}.Release|Any CPU.Build.0 = Release|Any CPU
	EndGlobalSection
	GlobalSection(SolutionProperties) = preSolution
		HideSolutionNode = FALSE
	EndGlobalSection
	GlobalSection(ExtensibilityGlobals) = postSolution
		SolutionGuid = {E1E4AE8B-5A77-4446-BFC6-143A268C2D79}
	EndGlobalSection
EndGlobal
